
Microsoft Visual Studio Solution File, Format Version 12.00
# Visual Studio Version 17
VisualStudioVersion = 17.2.32526.322
MinimumVisualStudioVersion = 10.0.40219.1
Project("{FAE04EC0-301F-11D3-BF4B-00C04F79EFBC}") = "AHM", "AHM\AHM.csproj", "{548FB4C7-E075-4C41-B618-3A8E3904D2BC}"
EndProject
Global
	GlobalSection(SolutionConfigurationPlatforms) = preSolution
		Debug|Any CPU = Debug|Any CPU
		Release|Any CPU = Release|Any CPU
	EndGlobalSection
	GlobalSection(ProjectConfigurationPlatforms) = postSolution
		{548FB4C7-E075-4C41-B618-3A8E3904D2BC}.Debug|Any CPU.ActiveCfg = Debug|Any CPU
		{548FB4C7-E075-4C41-B618-3A8E3904D2BC}.Debug|Any CPU.Build.0 = Debug|Any CPU
		{548FB4C7-E075-4C41-B618-3A8E3904D2BC}.Release|Any CPU.ActiveCfg = Release|Any CPU
		{548FB4C7-E075-4C41-B618-3A8E3904D2BC}.Release|Any CPU.Build.0 = Release|Any CPU
	EndGlobalSection
	GlobalSection(SolutionProperties) = preSolution
		HideSolutionNode = FALSE
	EndGlobalSection
	GlobalSection(ExtensibilityGlobals) = postSolution
		SolutionGuid = {01418F56-033C-48E0-BF8B-DAE42C87AF35}
	EndGlobalSection
EndGlobal
